{
  "name": "presentasi_web",
  "lockfileVersion": 3,
  "requires": true,
  "packages": {
    "": {
      "dependencies": {
        "pocketbase": "^0.18.0"
      }
    },
    "node_modules/pocketbase": {
      "version": "0.18.0",
      "resolved": "https://registry.npmjs.org/pocketbase/-/pocketbase-0.18.0.tgz",
      "integrity": "sha512-09ri0Rnm4JjboU4OJeibd6pgvKi4DPg/r/Uu/QI3mKSZsrROoMT75zyiOldbBBMWZUDG1TRlv6BjQj30SFsrVw=="
    }
  }
}
